<?xml version="1.0" encoding="utf-8"?>
<Project ToolsVersion="4.0" xmlns="http://schemas.microsoft.com/developer/msbuild/2003">
  <ItemGroup>
    <Filter Include="Source Files">
      <UniqueIdentifier>{4FC737F1-C7A5-4376-A066-2A32D752A2FF}</UniqueIdentifier>
      <Extensions>cpp;c;cc;cxx;def;odl;idl;hpj;bat;asm;asmx</Extensions>
    </Filter>
    <Filter Include="Header Files">
      <UniqueIdentifier>{93995380-89BD-4b04-88EB-625FBE52EBFB}</UniqueIdentifier>
      <Extensions>h;hpp;hxx;hm;inl;inc;xsd</Extensions>
    </Filter>
    <Filter Include="Resource Files">
      <UniqueIdentifier>{67DA6AB6-F800-4c08-8B7A-83BB121AAD01}</UniqueIdentifier>
      <Extensions>rc;ico;cur;bmp;dlg;rc2;rct;bin;rgs;gif;jpg;jpeg;jpe;resx;tiff;tif;png;wav</Extensions>
    </Filter>
    <Filter Include="Blocks">
      <UniqueIdentifier>{F4B0CA44-8854-43FA-BD0B-F84CCD146B87}</UniqueIdentifier>
    </Filter>
    <Filter Include="Blocks\Gwen">
      <UniqueIdentifier>{C6053FAF-0298-4065-80C6-3666551700FF}</UniqueIdentifier>
    </Filter>
    <Filter Include="Blocks\Gwen\src">
      <UniqueIdentifier>{DF3EE4A8-E5AC-4A37-A85B-07B39B2839C1}</UniqueIdentifier>
    </Filter>
    <Filter Include="Blocks\Gwen\src\cigwen">
      <UniqueIdentifier>{A4709207-BADA-4722-8702-DB56041CCF9C}</UniqueIdentifier>
    </Filter>
    <Filter Include="Blocks\Gwen\gwen">
      <UniqueIdentifier>{E754E574-21EF-4843-9333-7A88C90DA395}</UniqueIdentifier>
    </Filter>
    <Filter Include="Blocks\Gwen\gwen\gwen">
      <UniqueIdentifier>{39E8E4D5-D670-4A11-BA0D-0A24E935F48C}</UniqueIdentifier>
    </Filter>
    <Filter Include="Blocks\Gwen\gwen\gwen\include">
      <UniqueIdentifier>{0C0DEEB7-BF00-40D3-A81F-0B7D647F1825}</UniqueIdentifier>
    </Filter>
    <Filter Include="Blocks\Gwen\gwen\gwen\include\Gwen">
      <UniqueIdentifier>{B15AABFE-5E69-4460-AAAC-E28E4748C701}</UniqueIdentifier>
    </Filter>
    <Filter Include="Blocks\Gwen\gwen\gwen\include\Gwen\Controls">
      <UniqueIdentifier>{C39A6F12-D967-41AC-BF64-5E015E2D35CD}</UniqueIdentifier>
    </Filter>
    <Filter Include="Blocks\Gwen\gwen\gwen\include\Gwen\Controls\Dialogs">
      <UniqueIdentifier>{6EA7EE4A-593A-4E05-83D3-6732A0CBE3EF}</UniqueIdentifier>
    </Filter>
    <Filter Include="Blocks\Gwen\gwen\gwen\include\Gwen\Controls\Layout">
      <UniqueIdentifier>{F5C5B4CE-A94D-45D7-A07A-CCE148E8C726}</UniqueIdentifier>
    </Filter>
    <Filter Include="Blocks\Gwen\gwen\gwen\include\Gwen\Controls\Property">
      <UniqueIdentifier>{AB8B2E8A-2A99-4E9C-B14C-5ED2814EBEA8}</UniqueIdentifier>
    </Filter>
    <Filter Include="Blocks\Gwen\gwen\gwen\include\Gwen\Skins">
      <UniqueIdentifier>{7DABD27E-09BC-48CC-9E30-FC7EDB4DD52F}</UniqueIdentifier>
    </Filter>
    <Filter Include="Blocks\Gwen\gwen\gwen\include\Gwen\Util">
      <UniqueIdentifier>{C9B64448-E01E-4CD1-9B28-D9DA907236CC}</UniqueIdentifier>
    </Filter>
    <Filter Include="Blocks\Gwen\gwen\gwen\src">
      <UniqueIdentifier>{A2890BD5-3162-4FF0-AA99-571CB622946C}</UniqueIdentifier>
    </Filter>
    <Filter Include="Blocks\Gwen\gwen\gwen\src\Controls">
      <UniqueIdentifier>{4D7E3DD3-A2F2-4BCD-8136-25AB849E4871}</UniqueIdentifier>
    </Filter>
    <Filter Include="Blocks\Gwen\gwen\gwen\src\Controls\Dialog">
      <UniqueIdentifier>{DBDBC44B-139C-4A80-95A0-3C7675534F68}</UniqueIdentifier>
    </Filter>
  </ItemGroup>
  <ItemGroup>
    <ClCompile Include="..\src\CustomControlWindowApp.cpp">
      <Filter>Source Files</Filter>
    </ClCompile>
    <ClCompile Include="..\src\CustomControlWindowApp.cpp">
      <Filter>Source Files</Filter>
    </ClCompile>
    <ClInclude Include="..\include\Resources.h">
      <Filter>Header Files</Filter>
    </ClInclude>
    <ClInclude Include="..\..\..\src\cigwen\CinderGwen.h">
      <Filter>Blocks\Gwen\src\cigwen</Filter>
    </ClInclude>
    <ClInclude Include="..\..\..\src\cigwen\GwenInput.h">
      <Filter>Blocks\Gwen\src\cigwen</Filter>
    </ClInclude>
    <ClInclude Include="..\..\..\src\cigwen\GwenRendererGl.h">
      <Filter>Blocks\Gwen\src\cigwen</Filter>
    </ClInclude>
    <ClCompile Include="..\..\..\src\cigwen\CinderGwen.cpp">
      <Filter>Blocks\Gwen\src\cigwen</Filter>
    </ClCompile>
    <ClCompile Include="..\..\..\src\cigwen\GwenInput.cpp">
      <Filter>Blocks\Gwen\src\cigwen</Filter>
    </ClCompile>
    <ClCompile Include="..\..\..\src\cigwen\GwenRendererGl.cpp">
      <Filter>Blocks\Gwen\src\cigwen</Filter>
    </ClCompile>
    <ClInclude Include="..\..\..\gwen\gwen\include\Gwen\Align.h">
      <Filter>Blocks\Gwen\gwen\gwen\include\Gwen</Filter>
    </ClInclude>
    <ClInclude Include="..\..\..\gwen\gwen\include\Gwen\Anim.h">
      <Filter>Blocks\Gwen\gwen\gwen\include\Gwen</Filter>
    </ClInclude>
    <ClInclude Include="..\..\..\gwen\gwen\include\Gwen\BaseRender.h">
      <Filter>Blocks\Gwen\gwen\gwen\include\Gwen</Filter>
    </ClInclude>
    <ClInclude Include="..\..\..\gwen\gwen\include\Gwen\Config.h">
      <Filter>Blocks\Gwen\gwen\gwen\include\Gwen</Filter>
    </ClInclude>
    <ClInclude Include="..\..\..\gwen\gwen\include\Gwen\ControlList.h">
      <Filter>Blocks\Gwen\gwen\gwen\include\Gwen</Filter>
    </ClInclude>
    <ClInclude Include="..\..\..\gwen\gwen\include\Gwen\Controls.h">
      <Filter>Blocks\Gwen\gwen\gwen\include\Gwen</Filter>
    </ClInclude>
    <ClInclude Include="..\..\..\gwen\gwen\include\Gwen\DragAndDrop.h">
      <Filter>Blocks\Gwen\gwen\gwen\include\Gwen</Filter>
    </ClInclude>
    <ClInclude Include="..\..\..\gwen\gwen\include\Gwen\Events.h">
      <Filter>Blocks\Gwen\gwen\gwen\include\Gwen</Filter>
    </ClInclude>
    <ClInclude Include="..\..\..\gwen\gwen\include\Gwen\Exports.h">
      <Filter>Blocks\Gwen\gwen\gwen\include\Gwen</Filter>
    </ClInclude>
    <ClInclude Include="..\..\..\gwen\gwen\include\Gwen\Font.h">
      <Filter>Blocks\Gwen\gwen\gwen\include\Gwen</Filter>
    </ClInclude>
    <ClInclude Include="..\..\..\gwen\gwen\include\Gwen\Gwen.h">
      <Filter>Blocks\Gwen\gwen\gwen\include\Gwen</Filter>
    </ClInclude>
    <ClInclude Include="..\..\..\gwen\gwen\include\Gwen\Hook.h">
      <Filter>Blocks\Gwen\gwen\gwen\include\Gwen</Filter>
    </ClInclude>
    <ClInclude Include="..\..\..\gwen\gwen\include\Gwen\InputHandler.h">
      <Filter>Blocks\Gwen\gwen\gwen\include\Gwen</Filter>
    </ClInclude>
    <ClInclude Include="..\..\..\gwen\gwen\include\Gwen\Macros.h">
      <Filter>Blocks\Gwen\gwen\gwen\include\Gwen</Filter>
    </ClInclude>
    <ClInclude Include="..\..\..\gwen\gwen\include\Gwen\Platform.h">
      <Filter>Blocks\Gwen\gwen\gwen\include\Gwen</Filter>
    </ClInclude>
    <ClInclude Include="..\..\..\gwen\gwen\include\Gwen\Skin.h">
      <Filter>Blocks\Gwen\gwen\gwen\include\Gwen</Filter>
    </ClInclude>
    <ClInclude Include="..\..\..\gwen\gwen\include\Gwen\Structures.h">
      <Filter>Blocks\Gwen\gwen\gwen\include\Gwen</Filter>
    </ClInclude>
    <ClInclude Include="..\..\..\gwen\gwen\include\Gwen\TextObject.h">
      <Filter>Blocks\Gwen\gwen\gwen\include\Gwen</Filter>
    </ClInclude>
    <ClInclude Include="..\..\..\gwen\gwen\include\Gwen\Texture.h">
      <Filter>Blocks\Gwen\gwen\gwen\include\Gwen</Filter>
    </ClInclude>
    <ClInclude Include="..\..\..\gwen\gwen\include\Gwen\ToolTip.h">
      <Filter>Blocks\Gwen\gwen\gwen\include\Gwen</Filter>
    </ClInclude>
    <ClInclude Include="..\..\..\gwen\gwen\include\Gwen\UserData.h">
      <Filter>Blocks\Gwen\gwen\gwen\include\Gwen</Filter>
    </ClInclude>
    <ClInclude Include="..\..\..\gwen\gwen\include\Gwen\Utility.h">
      <Filter>Blocks\Gwen\gwen\gwen\include\Gwen</Filter>
    </ClInclude>
    <ClInclude Include="..\..\..\gwen\gwen\include\Gwen\WindowProvider.h">
      <Filter>Blocks\Gwen\gwen\gwen\include\Gwen</Filter>
    </ClInclude>
    <ClInclude Include="..\..\..\gwen\gwen\include\Gwen\Controls\Base.h">
      <Filter>Blocks\Gwen\gwen\gwen\include\Gwen\Controls</Filter>
    </ClInclude>
    <ClInclude Include="..\..\..\gwen\gwen\include\Gwen\Controls\Button.h">
      <Filter>Blocks\Gwen\gwen\gwen\include\Gwen\Controls</Filter>
    </ClInclude>
    <ClInclude Include="..\..\..\gwen\gwen\include\Gwen\Controls\Canvas.h">
      <Filter>Blocks\Gwen\gwen\gwen\include\Gwen\Controls</Filter>
    </ClInclude>
    <ClInclude Include="..\..\..\gwen\gwen\include\Gwen\Controls\CheckBox.h">
      <Filter>Blocks\Gwen\gwen\gwen\include\Gwen\Controls</Filter>
    </ClInclude>
    <ClInclude Include="..\..\..\gwen\gwen\include\Gwen\Controls\CollapsibleCategory.h">
      <Filter>Blocks\Gwen\gwen\gwen\include\Gwen\Controls</Filter>
    </ClInclude>
    <ClInclude Include="..\..\..\gwen\gwen\include\Gwen\Controls\CollapsibleList.h">
      <Filter>Blocks\Gwen\gwen\gwen\include\Gwen\Controls</Filter>
    </ClInclude>
    <ClInclude Include="..\..\..\gwen\gwen\include\Gwen\Controls\ColorControls.h">
      <Filter>Blocks\Gwen\gwen\gwen\include\Gwen\Controls</Filter>
    </ClInclude>
    <ClInclude Include="..\..\..\gwen\gwen\include\Gwen\Controls\ColorPicker.h">
      <Filter>Blocks\Gwen\gwen\gwen\include\Gwen\Controls</Filter>
    </ClInclude>
    <ClInclude Include="..\..\..\gwen\gwen\include\Gwen\Controls\ComboBox.h">
      <Filter>Blocks\Gwen\gwen\gwen\include\Gwen\Controls</Filter>
    </ClInclude>
    <ClInclude Include="..\..\..\gwen\gwen\include\Gwen\Controls\CrossSplitter.h">
      <Filter>Blocks\Gwen\gwen\gwen\include\Gwen\Controls</Filter>
    </ClInclude>
    <ClInclude Include="..\..\..\gwen\gwen\include\Gwen\Controls\DockBase.h">
      <Filter>Blocks\Gwen\gwen\gwen\include\Gwen\Controls</Filter>
    </ClInclude>
    <ClInclude Include="..\..\..\gwen\gwen\include\Gwen\Controls\DockedTabControl.h">
      <Filter>Blocks\Gwen\gwen\gwen\include\Gwen\Controls</Filter>
    </ClInclude>
    <ClInclude Include="..\..\..\gwen\gwen\include\Gwen\Controls\Dragger.h">
      <Filter>Blocks\Gwen\gwen\gwen\include\Gwen\Controls</Filter>
    </ClInclude>
    <ClInclude Include="..\..\..\gwen\gwen\include\Gwen\Controls\FieldLabel.h">
      <Filter>Blocks\Gwen\gwen\gwen\include\Gwen\Controls</Filter>
    </ClInclude>
    <ClInclude Include="..\..\..\gwen\gwen\include\Gwen\Controls\FilePicker.h">
      <Filter>Blocks\Gwen\gwen\gwen\include\Gwen\Controls</Filter>
    </ClInclude>
    <ClInclude Include="..\..\..\gwen\gwen\include\Gwen\Controls\FolderPicker.h">
      <Filter>Blocks\Gwen\gwen\gwen\include\Gwen\Controls</Filter>
    </ClInclude>
    <ClInclude Include="..\..\..\gwen\gwen\include\Gwen\Controls\GroupBox.h">
      <Filter>Blocks\Gwen\gwen\gwen\include\Gwen\Controls</Filter>
    </ClInclude>
    <ClInclude Include="..\..\..\gwen\gwen\include\Gwen\Controls\Highlight.h">
      <Filter>Blocks\Gwen\gwen\gwen\include\Gwen\Controls</Filter>
    </ClInclude>
    <ClInclude Include="..\..\..\gwen\gwen\include\Gwen\Controls\HorizontalScrollBar.h">
      <Filter>Blocks\Gwen\gwen\gwen\include\Gwen\Controls</Filter>
    </ClInclude>
    <ClInclude Include="..\..\..\gwen\gwen\include\Gwen\Controls\HorizontalSlider.h">
      <Filter>Blocks\Gwen\gwen\gwen\include\Gwen\Controls</Filter>
    </ClInclude>
    <ClInclude Include="..\..\..\gwen\gwen\include\Gwen\Controls\HSVColorPicker.h">
      <Filter>Blocks\Gwen\gwen\gwen\include\Gwen\Controls</Filter>
    </ClInclude>
    <ClInclude Include="..\..\..\gwen\gwen\include\Gwen\Controls\ImagePanel.h">
      <Filter>Blocks\Gwen\gwen\gwen\include\Gwen\Controls</Filter>
    </ClInclude>
    <ClInclude Include="..\..\..\gwen\gwen\include\Gwen\Controls\Label.h">
      <Filter>Blocks\Gwen\gwen\gwen\include\Gwen\Controls</Filter>
    </ClInclude>
    <ClInclude Include="..\..\..\gwen\gwen\include\Gwen\Controls\LabelClickable.h">
      <Filter>Blocks\Gwen\gwen\gwen\include\Gwen\Controls</Filter>
    </ClInclude>
    <ClInclude Include="..\..\..\gwen\gwen\include\Gwen\Controls\ListBox.h">
      <Filter>Blocks\Gwen\gwen\gwen\include\Gwen\Controls</Filter>
    </ClInclude>
    <ClInclude Include="..\..\..\gwen\gwen\include\Gwen\Controls\Menu.h">
      <Filter>Blocks\Gwen\gwen\gwen\include\Gwen\Controls</Filter>
    </ClInclude>
    <ClInclude Include="..\..\..\gwen\gwen\include\Gwen\Controls\MenuItem.h">
      <Filter>Blocks\Gwen\gwen\gwen\include\Gwen\Controls</Filter>
    </ClInclude>
    <ClInclude Include="..\..\..\gwen\gwen\include\Gwen\Controls\MenuStrip.h">
      <Filter>Blocks\Gwen\gwen\gwen\include\Gwen\Controls</Filter>
    </ClInclude>
    <ClInclude Include="..\..\..\gwen\gwen\include\Gwen\Controls\Modal.h">
      <Filter>Blocks\Gwen\gwen\gwen\include\Gwen\Controls</Filter>
    </ClInclude>
    <ClInclude Include="..\..\..\gwen\gwen\include\Gwen\Controls\NumericUpDown.h">
      <Filter>Blocks\Gwen\gwen\gwen\include\Gwen\Controls</Filter>
    </ClInclude>
    <ClInclude Include="..\..\..\gwen\gwen\include\Gwen\Controls\PageControl.h">
      <Filter>Blocks\Gwen\gwen\gwen\include\Gwen\Controls</Filter>
    </ClInclude>
    <ClInclude Include="..\..\..\gwen\gwen\include\Gwen\Controls\ProgressBar.h">
      <Filter>Blocks\Gwen\gwen\gwen\include\Gwen\Controls</Filter>
    </ClInclude>
    <ClInclude Include="..\..\..\gwen\gwen\include\Gwen\Controls\Properties.h">
      <Filter>Blocks\Gwen\gwen\gwen\include\Gwen\Controls</Filter>
    </ClInclude>
    <ClInclude Include="..\..\..\gwen\gwen\include\Gwen\Controls\PropertyTree.h">
      <Filter>Blocks\Gwen\gwen\gwen\include\Gwen\Controls</Filter>
    </ClInclude>
    <ClInclude Include="..\..\..\gwen\gwen\include\Gwen\Controls\RadioButton.h">
      <Filter>Blocks\Gwen\gwen\gwen\include\Gwen\Controls</Filter>
    </ClInclude>
    <ClInclude Include="..\..\..\gwen\gwen\include\Gwen\Controls\RadioButtonController.h">
      <Filter>Blocks\Gwen\gwen\gwen\include\Gwen\Controls</Filter>
    </ClInclude>
    <ClInclude Include="..\..\..\gwen\gwen\include\Gwen\Controls\Rectangle.h">
      <Filter>Blocks\Gwen\gwen\gwen\include\Gwen\Controls</Filter>
    </ClInclude>
    <ClInclude Include="..\..\..\gwen\gwen\include\Gwen\Controls\ResizableControl.h">
      <Filter>Blocks\Gwen\gwen\gwen\include\Gwen\Controls</Filter>
    </ClInclude>
    <ClInclude Include="..\..\..\gwen\gwen\include\Gwen\Controls\Resizer.h">
      <Filter>Blocks\Gwen\gwen\gwen\include\Gwen\Controls</Filter>
    </ClInclude>
    <ClInclude Include="..\..\..\gwen\gwen\include\Gwen\Controls\RichLabel.h">
      <Filter>Blocks\Gwen\gwen\gwen\include\Gwen\Controls</Filter>
    </ClInclude>
    <ClInclude Include="..\..\..\gwen\gwen\include\Gwen\Controls\ScrollBar.h">
      <Filter>Blocks\Gwen\gwen\gwen\include\Gwen\Controls</Filter>
    </ClInclude>
    <ClInclude Include="..\..\..\gwen\gwen\include\Gwen\Controls\ScrollBarBar.h">
      <Filter>Blocks\Gwen\gwen\gwen\include\Gwen\Controls</Filter>
    </ClInclude>
    <ClInclude Include="..\..\..\gwen\gwen\include\Gwen\Controls\ScrollBarButton.h">
      <Filter>Blocks\Gwen\gwen\gwen\include\Gwen\Controls</Filter>
    </ClInclude>
    <ClInclude Include="..\..\..\gwen\gwen\include\Gwen\Controls\ScrollControl.h">
      <Filter>Blocks\Gwen\gwen\gwen\include\Gwen\Controls</Filter>
    </ClInclude>
    <ClInclude Include="..\..\..\gwen\gwen\include\Gwen\Controls\Slider.h">
      <Filter>Blocks\Gwen\gwen\gwen\include\Gwen\Controls</Filter>
    </ClInclude>
    <ClInclude Include="..\..\..\gwen\gwen\include\Gwen\Controls\SplitterBar.h">
      <Filter>Blocks\Gwen\gwen\gwen\include\Gwen\Controls</Filter>
    </ClInclude>
    <ClInclude Include="..\..\..\gwen\gwen\include\Gwen\Controls\Splitters.h">
      <Filter>Blocks\Gwen\gwen\gwen\include\Gwen\Controls</Filter>
    </ClInclude>
    <ClInclude Include="..\..\..\gwen\gwen\include\Gwen\Controls\StatusBar.h">
      <Filter>Blocks\Gwen\gwen\gwen\include\Gwen\Controls</Filter>
    </ClInclude>
    <ClInclude Include="..\..\..\gwen\gwen\include\Gwen\Controls\TabButton.h">
      <Filter>Blocks\Gwen\gwen\gwen\include\Gwen\Controls</Filter>
    </ClInclude>
    <ClInclude Include="..\..\..\gwen\gwen\include\Gwen\Controls\TabControl.h">
      <Filter>Blocks\Gwen\gwen\gwen\include\Gwen\Controls</Filter>
    </ClInclude>
    <ClInclude Include="..\..\..\gwen\gwen\include\Gwen\Controls\TabStrip.h">
      <Filter>Blocks\Gwen\gwen\gwen\include\Gwen\Controls</Filter>
    </ClInclude>
    <ClInclude Include="..\..\..\gwen\gwen\include\Gwen\Controls\TabTitleBar.h">
      <Filter>Blocks\Gwen\gwen\gwen\include\Gwen\Controls</Filter>
    </ClInclude>
    <ClInclude Include="..\..\..\gwen\gwen\include\Gwen\Controls\Text.h">
      <Filter>Blocks\Gwen\gwen\gwen\include\Gwen\Controls</Filter>
    </ClInclude>
    <ClInclude Include="..\..\..\gwen\gwen\include\Gwen\Controls\TextBox.h">
      <Filter>Blocks\Gwen\gwen\gwen\include\Gwen\Controls</Filter>
    </ClInclude>
    <ClInclude Include="..\..\..\gwen\gwen\include\Gwen\Controls\ToolBar.h">
      <Filter>Blocks\Gwen\gwen\gwen\include\Gwen\Controls</Filter>
    </ClInclude>
    <ClInclude Include="..\..\..\gwen\gwen\include\Gwen\Controls\TreeControl.h">
      <Filter>Blocks\Gwen\gwen\gwen\include\Gwen\Controls</Filter>
    </ClInclude>
    <ClInclude Include="..\..\..\gwen\gwen\include\Gwen\Controls\TreeNode.h">
      <Filter>Blocks\Gwen\gwen\gwen\include\Gwen\Controls</Filter>
    </ClInclude>
    <ClInclude Include="..\..\..\gwen\gwen\include\Gwen\Controls\VerticalScrollBar.h">
      <Filter>Blocks\Gwen\gwen\gwen\include\Gwen\Controls</Filter>
    </ClInclude>
    <ClInclude Include="..\..\..\gwen\gwen\include\Gwen\Controls\VerticalSlider.h">
      <Filter>Blocks\Gwen\gwen\gwen\include\Gwen\Controls</Filter>
    </ClInclude>
    <ClInclude Include="..\..\..\gwen\gwen\include\Gwen\Controls\WindowButtons.h">
      <Filter>Blocks\Gwen\gwen\gwen\include\Gwen\Controls</Filter>
    </ClInclude>
    <ClInclude Include="..\..\..\gwen\gwen\include\Gwen\Controls\WindowCanvas.h">
      <Filter>Blocks\Gwen\gwen\gwen\include\Gwen\Controls</Filter>
    </ClInclude>
    <ClInclude Include="..\..\..\gwen\gwen\include\Gwen\Controls\WindowControl.h">
      <Filter>Blocks\Gwen\gwen\gwen\include\Gwen\Controls</Filter>
    </ClInclude>
    <ClInclude Include="..\..\..\gwen\gwen\include\Gwen\Controls\Dialogs\FileOpen.h">
      <Filter>Blocks\Gwen\gwen\gwen\include\Gwen\Controls\Dialogs</Filter>
    </ClInclude>
    <ClInclude Include="..\..\..\gwen\gwen\include\Gwen\Controls\Dialogs\FileSave.h">
      <Filter>Blocks\Gwen\gwen\gwen\include\Gwen\Controls\Dialogs</Filter>
    </ClInclude>
    <ClInclude Include="..\..\..\gwen\gwen\include\Gwen\Controls\Dialogs\FolderOpen.h">
      <Filter>Blocks\Gwen\gwen\gwen\include\Gwen\Controls\Dialogs</Filter>
    </ClInclude>
    <ClInclude Include="..\..\..\gwen\gwen\include\Gwen\Controls\Dialogs\Query.h">
      <Filter>Blocks\Gwen\gwen\gwen\include\Gwen\Controls\Dialogs</Filter>
    </ClInclude>
    <ClInclude Include="..\..\..\gwen\gwen\include\Gwen\Controls\Layout\Position.h">
      <Filter>Blocks\Gwen\gwen\gwen\include\Gwen\Controls\Layout</Filter>
    </ClInclude>
    <ClInclude Include="..\..\..\gwen\gwen\include\Gwen\Controls\Layout\Table.h">
      <Filter>Blocks\Gwen\gwen\gwen\include\Gwen\Controls\Layout</Filter>
    </ClInclude>
    <ClInclude Include="..\..\..\gwen\gwen\include\Gwen\Controls\Layout\Tile.h">
      <Filter>Blocks\Gwen\gwen\gwen\include\Gwen\Controls\Layout</Filter>
    </ClInclude>
    <ClInclude Include="..\..\..\gwen\gwen\include\Gwen\Controls\Property\BaseProperty.h">
      <Filter>Blocks\Gwen\gwen\gwen\include\Gwen\Controls\Property</Filter>
    </ClInclude>
    <ClInclude Include="..\..\..\gwen\gwen\include\Gwen\Controls\Property\Checkbox.h">
      <Filter>Blocks\Gwen\gwen\gwen\include\Gwen\Controls\Property</Filter>
    </ClInclude>
    <ClInclude Include="..\..\..\gwen\gwen\include\Gwen\Controls\Property\ColorSelector.h">
      <Filter>Blocks\Gwen\gwen\gwen\include\Gwen\Controls\Property</Filter>
    </ClInclude>
    <ClInclude Include="..\..\..\gwen\gwen\include\Gwen\Controls\Property\ComboBox.h">
      <Filter>Blocks\Gwen\gwen\gwen\include\Gwen\Controls\Property</Filter>
    </ClInclude>
    <ClInclude Include="..\..\..\gwen\gwen\include\Gwen\Controls\Property\File.h">
      <Filter>Blocks\Gwen\gwen\gwen\include\Gwen\Controls\Property</Filter>
    </ClInclude>
    <ClInclude Include="..\..\..\gwen\gwen\include\Gwen\Controls\Property\Folder.h">
      <Filter>Blocks\Gwen\gwen\gwen\include\Gwen\Controls\Property</Filter>
    </ClInclude>
    <ClInclude Include="..\..\..\gwen\gwen\include\Gwen\Controls\Property\Text.h">
      <Filter>Blocks\Gwen\gwen\gwen\include\Gwen\Controls\Property</Filter>
    </ClInclude>
    <ClInclude Include="..\..\..\gwen\gwen\include\Gwen\Skins\Simple.h">
      <Filter>Blocks\Gwen\gwen\gwen\include\Gwen\Skins</Filter>
    </ClInclude>
    <ClInclude Include="..\..\..\gwen\gwen\include\Gwen\Skins\TexturedBase.h">
      <Filter>Blocks\Gwen\gwen\gwen\include\Gwen\Skins</Filter>
    </ClInclude>
    <ClInclude Include="..\..\..\gwen\gwen\include\Gwen\Skins\Texturing.h">
      <Filter>Blocks\Gwen\gwen\gwen\include\Gwen\Skins</Filter>
    </ClInclude>
    <ClInclude Include="..\..\..\gwen\gwen\include\Gwen\Util\ControlFactory.h">
      <Filter>Blocks\Gwen\gwen\gwen\include\Gwen\Util</Filter>
    </ClInclude>
    <ClInclude Include="..\..\..\gwen\gwen\include\Gwen\Util\ImportExport.h">
      <Filter>Blocks\Gwen\gwen\gwen\include\Gwen\Util</Filter>
    </ClInclude>
    <ClCompile Include="..\..\..\gwen\gwen\src\Anim.cpp">
      <Filter>Blocks\Gwen\gwen\gwen\src</Filter>
    </ClCompile>
    <ClCompile Include="..\..\..\gwen\gwen\src\BaseRender.cpp">
      <Filter>Blocks\Gwen\gwen\gwen\src</Filter>
    </ClCompile>
    <ClCompile Include="..\..\..\gwen\gwen\src\ControlList.cpp">
      <Filter>Blocks\Gwen\gwen\gwen\src</Filter>
    </ClCompile>
    <ClCompile Include="..\..\..\gwen\gwen\src\DragAndDrop.cpp">
      <Filter>Blocks\Gwen\gwen\gwen\src</Filter>
    </ClCompile>
    <ClCompile Include="..\..\..\gwen\gwen\src\events.cpp">
      <Filter>Blocks\Gwen\gwen\gwen\src</Filter>
    </ClCompile>
    <ClCompile Include="..\..\..\gwen\gwen\src\Gwen.cpp">
      <Filter>Blocks\Gwen\gwen\gwen\src</Filter>
    </ClCompile>
    <ClCompile Include="..\..\..\gwen\gwen\src\Hook.cpp">
      <Filter>Blocks\Gwen\gwen\gwen\src</Filter>
    </ClCompile>
    <ClCompile Include="..\..\..\gwen\gwen\src\inputhandler.cpp">
      <Filter>Blocks\Gwen\gwen\gwen\src</Filter>
    </ClCompile>
    <ClCompile Include="..\..\..\gwen\gwen\src\Skin.cpp">
      <Filter>Blocks\Gwen\gwen\gwen\src</Filter>
    </ClCompile>
    <ClCompile Include="..\..\..\gwen\gwen\src\ToolTip.cpp">
      <Filter>Blocks\Gwen\gwen\gwen\src</Filter>
    </ClCompile>
    <ClCompile Include="..\..\..\gwen\gwen\src\Utility.cpp">
      <Filter>Blocks\Gwen\gwen\gwen\src</Filter>
    </ClCompile>
    <ClCompile Include="..\..\..\gwen\gwen\src\Controls\Base.cpp">
      <Filter>Blocks\Gwen\gwen\gwen\src\Controls</Filter>
    </ClCompile>
    <ClCompile Include="..\..\..\gwen\gwen\src\Controls\Button.cpp">
      <Filter>Blocks\Gwen\gwen\gwen\src\Controls</Filter>
    </ClCompile>
    <ClCompile Include="..\..\..\gwen\gwen\src\Controls\Canvas.cpp">
      <Filter>Blocks\Gwen\gwen\gwen\src\Controls</Filter>
    </ClCompile>
    <ClCompile Include="..\..\..\gwen\gwen\src\Controls\CheckBox.cpp">
      <Filter>Blocks\Gwen\gwen\gwen\src\Controls</Filter>
    </ClCompile>
    <ClCompile Include="..\..\..\gwen\gwen\src\Controls\CollapsibleCategory.cpp">
      <Filter>Blocks\Gwen\gwen\gwen\src\Controls</Filter>
    </ClCompile>
    <ClCompile Include="..\..\..\gwen\gwen\src\Controls\ColorControls.cpp">
      <Filter>Blocks\Gwen\gwen\gwen\src\Controls</Filter>
    </ClCompile>
    <ClCompile Include="..\..\..\gwen\gwen\src\Controls\ColorPicker.cpp">
      <Filter>Blocks\Gwen\gwen\gwen\src\Controls</Filter>
    </ClCompile>
    <ClCompile Include="..\..\..\gwen\gwen\src\Controls\ComboBox.cpp">
      <Filter>Blocks\Gwen\gwen\gwen\src\Controls</Filter>
    </ClCompile>
    <ClCompile Include="..\..\..\gwen\gwen\src\Controls\CrossSplitter.cpp">
      <Filter>Blocks\Gwen\gwen\gwen\src\Controls</Filter>
    </ClCompile>
    <ClCompile Include="..\..\..\gwen\gwen\src\Controls\DockBase.cpp">
      <Filter>Blocks\Gwen\gwen\gwen\src\Controls</Filter>
    </ClCompile>
    <ClCompile Include="..\..\..\gwen\gwen\src\Controls\DockedTabControl.cpp">
      <Filter>Blocks\Gwen\gwen\gwen\src\Controls</Filter>
    </ClCompile>
    <ClCompile Include="..\..\..\gwen\gwen\src\Controls\Dragger.cpp">
      <Filter>Blocks\Gwen\gwen\gwen\src\Controls</Filter>
    </ClCompile>
    <ClCompile Include="..\..\..\gwen\gwen\src\Controls\GroupBox.cpp">
      <Filter>Blocks\Gwen\gwen\gwen\src\Controls</Filter>
    </ClCompile>
    <ClCompile Include="..\..\..\gwen\gwen\src\Controls\HorizontalScrollBar.cpp">
      <Filter>Blocks\Gwen\gwen\gwen\src\Controls</Filter>
    </ClCompile>
    <ClCompile Include="..\..\..\gwen\gwen\src\Controls\HorizontalSlider.cpp">
      <Filter>Blocks\Gwen\gwen\gwen\src\Controls</Filter>
    </ClCompile>
    <ClCompile Include="..\..\..\gwen\gwen\src\Controls\HSVColorPicker.cpp">
      <Filter>Blocks\Gwen\gwen\gwen\src\Controls</Filter>
    </ClCompile>
    <ClCompile Include="..\..\..\gwen\gwen\src\Controls\ImagePanel.cpp">
      <Filter>Blocks\Gwen\gwen\gwen\src\Controls</Filter>
    </ClCompile>
    <ClCompile Include="..\..\..\gwen\gwen\src\Controls\Label.cpp">
      <Filter>Blocks\Gwen\gwen\gwen\src\Controls</Filter>
    </ClCompile>
    <ClCompile Include="..\..\..\gwen\gwen\src\Controls\LabelClickable.cpp">
      <Filter>Blocks\Gwen\gwen\gwen\src\Controls</Filter>
    </ClCompile>
    <ClCompile Include="..\..\..\gwen\gwen\src\Controls\ListBox.cpp">
      <Filter>Blocks\Gwen\gwen\gwen\src\Controls</Filter>
    </ClCompile>
    <ClCompile Include="..\..\..\gwen\gwen\src\Controls\Menu.cpp">
      <Filter>Blocks\Gwen\gwen\gwen\src\Controls</Filter>
    </ClCompile>
    <ClCompile Include="..\..\..\gwen\gwen\src\Controls\MenuItem.cpp">
      <Filter>Blocks\Gwen\gwen\gwen\src\Controls</Filter>
    </ClCompile>
    <ClCompile Include="..\..\..\gwen\gwen\src\Controls\MenuStrip.cpp">
      <Filter>Blocks\Gwen\gwen\gwen\src\Controls</Filter>
    </ClCompile>
    <ClCompile Include="..\..\..\gwen\gwen\src\Controls\NumericUpDown.cpp">
      <Filter>Blocks\Gwen\gwen\gwen\src\Controls</Filter>
    </ClCompile>
    <ClCompile Include="..\..\..\gwen\gwen\src\Controls\PageControl.cpp">
      <Filter>Blocks\Gwen\gwen\gwen\src\Controls</Filter>
    </ClCompile>
    <ClCompile Include="..\..\..\gwen\gwen\src\Controls\ProgressBar.cpp">
      <Filter>Blocks\Gwen\gwen\gwen\src\Controls</Filter>
    </ClCompile>
    <ClCompile Include="..\..\..\gwen\gwen\src\Controls\Properties.cpp">
      <Filter>Blocks\Gwen\gwen\gwen\src\Controls</Filter>
    </ClCompile>
    <ClCompile Include="..\..\..\gwen\gwen\src\Controls\PropertyTree.cpp">
      <Filter>Blocks\Gwen\gwen\gwen\src\Controls</Filter>
    </ClCompile>
    <ClCompile Include="..\..\..\gwen\gwen\src\Controls\RadioButton.cpp">
      <Filter>Blocks\Gwen\gwen\gwen\src\Controls</Filter>
    </ClCompile>
    <ClCompile Include="..\..\..\gwen\gwen\src\Controls\RadioButtonController.cpp">
      <Filter>Blocks\Gwen\gwen\gwen\src\Controls</Filter>
    </ClCompile>
    <ClCompile Include="..\..\..\gwen\gwen\src\Controls\Rectangle.cpp">
      <Filter>Blocks\Gwen\gwen\gwen\src\Controls</Filter>
    </ClCompile>
    <ClCompile Include="..\..\..\gwen\gwen\src\Controls\ResizableControl.cpp">
      <Filter>Blocks\Gwen\gwen\gwen\src\Controls</Filter>
    </ClCompile>
    <ClCompile Include="..\..\..\gwen\gwen\src\Controls\Resizer.cpp">
      <Filter>Blocks\Gwen\gwen\gwen\src\Controls</Filter>
    </ClCompile>
    <ClCompile Include="..\..\..\gwen\gwen\src\Controls\RichLabel.cpp">
      <Filter>Blocks\Gwen\gwen\gwen\src\Controls</Filter>
    </ClCompile>
    <ClCompile Include="..\..\..\gwen\gwen\src\Controls\ScrollBar.cpp">
      <Filter>Blocks\Gwen\gwen\gwen\src\Controls</Filter>
    </ClCompile>
    <ClCompile Include="..\..\..\gwen\gwen\src\Controls\ScrollBarBar.cpp">
      <Filter>Blocks\Gwen\gwen\gwen\src\Controls</Filter>
    </ClCompile>
    <ClCompile Include="..\..\..\gwen\gwen\src\Controls\ScrollBarButton.cpp">
      <Filter>Blocks\Gwen\gwen\gwen\src\Controls</Filter>
    </ClCompile>
    <ClCompile Include="..\..\..\gwen\gwen\src\Controls\ScrollControl.cpp">
      <Filter>Blocks\Gwen\gwen\gwen\src\Controls</Filter>
    </ClCompile>
    <ClCompile Include="..\..\..\gwen\gwen\src\Controls\Slider.cpp">
      <Filter>Blocks\Gwen\gwen\gwen\src\Controls</Filter>
    </ClCompile>
    <ClCompile Include="..\..\..\gwen\gwen\src\Controls\SplitterBar.cpp">
      <Filter>Blocks\Gwen\gwen\gwen\src\Controls</Filter>
    </ClCompile>
    <ClCompile Include="..\..\..\gwen\gwen\src\Controls\TabButton.cpp">
      <Filter>Blocks\Gwen\gwen\gwen\src\Controls</Filter>
    </ClCompile>
    <ClCompile Include="..\..\..\gwen\gwen\src\Controls\TabControl.cpp">
      <Filter>Blocks\Gwen\gwen\gwen\src\Controls</Filter>
    </ClCompile>
    <ClCompile Include="..\..\..\gwen\gwen\src\Controls\TabStrip.cpp">
      <Filter>Blocks\Gwen\gwen\gwen\src\Controls</Filter>
    </ClCompile>
    <ClCompile Include="..\..\..\gwen\gwen\src\Controls\Text.cpp">
      <Filter>Blocks\Gwen\gwen\gwen\src\Controls</Filter>
    </ClCompile>
    <ClCompile Include="..\..\..\gwen\gwen\src\Controls\TextBox.cpp">
      <Filter>Blocks\Gwen\gwen\gwen\src\Controls</Filter>
    </ClCompile>
    <ClCompile Include="..\..\..\gwen\gwen\src\Controls\TextBoxNumeric.cpp">
      <Filter>Blocks\Gwen\gwen\gwen\src\Controls</Filter>
    </ClCompile>
    <ClCompile Include="..\..\..\gwen\gwen\src\Controls\TreeControl.cpp">
      <Filter>Blocks\Gwen\gwen\gwen\src\Controls</Filter>
    </ClCompile>
    <ClCompile Include="..\..\..\gwen\gwen\src\Controls\TreeNode.cpp">
      <Filter>Blocks\Gwen\gwen\gwen\src\Controls</Filter>
    </ClCompile>
    <ClCompile Include="..\..\..\gwen\gwen\src\Controls\VerticalScrollBar.cpp">
      <Filter>Blocks\Gwen\gwen\gwen\src\Controls</Filter>
    </ClCompile>
    <ClCompile Include="..\..\..\gwen\gwen\src\Controls\VerticalSlider.cpp">
      <Filter>Blocks\Gwen\gwen\gwen\src\Controls</Filter>
    </ClCompile>
    <ClCompile Include="..\..\..\gwen\gwen\src\Controls\WindowCanvas.cpp">
      <Filter>Blocks\Gwen\gwen\gwen\src\Controls</Filter>
    </ClCompile>
    <ClCompile Include="..\..\..\gwen\gwen\src\Controls\WindowControl.cpp">
      <Filter>Blocks\Gwen\gwen\gwen\src\Controls</Filter>
    </ClCompile>
    <ClCompile Include="..\..\..\gwen\gwen\src\Controls\Dialog\FileOpen.cpp">
      <Filter>Blocks\Gwen\gwen\gwen\src\Controls\Dialog</Filter>
    </ClCompile>
    <ClCompile Include="..\..\..\gwen\gwen\src\Controls\Dialog\FileSave.cpp">
      <Filter>Blocks\Gwen\gwen\gwen\src\Controls\Dialog</Filter>
    </ClCompile>
    <ClCompile Include="..\..\..\gwen\gwen\src\Controls\Dialog\FolderOpen.cpp">
      <Filter>Blocks\Gwen\gwen\gwen\src\Controls\Dialog</Filter>
    </ClCompile>
    <ClCompile Include="..\..\..\gwen\gwen\src\Controls\Dialog\Query.cpp">
      <Filter>Blocks\Gwen\gwen\gwen\src\Controls\Dialog</Filter>
    </ClCompile>
    <ClCompile Include="..\src\CustomControl.cpp">
      <Filter>Source Files</Filter>
    </ClCompile>
  </ItemGroup>
  <ItemGroup>
    <ClInclude Include="..\include\Resources.h">
      <Filter>Header Files</Filter>
    </ClInclude>
    <ClInclude Include="..\src\CustomControl.h">
      <Filter>Source Files</Filter>
    </ClInclude>
  </ItemGroup>
  <ItemGroup>
    <ResourceCompile Include="Resources.rc">
      <Filter>Resource Files</Filter>
    </ResourceCompile>
  </ItemGroup>
</Project>